
Microsoft Visual Studio Solution File, Format Version 12.00
# Visual Studio Version 17
VisualStudioVersion = 17.1.32328.378
MinimumVisualStudioVersion = 10.0.40219.1
Project("{9A19103F-16F7-4668-BE54-9A1E7A4F7556}") = "MagicLogin", "MagicLogin\MagicLogin.csproj", "{25998963-3748-4B03-84CB-2EA89FE18B93}"
	ProjectSection(ProjectDependencies) = postProject
		{D4E978B5-95B5-424F-9707-91AE6733BCF5} = {D4E978B5-95B5-424F-9707-91AE6733BCF5}
	EndProjectSection
EndProject
Project("{FAE04EC0-301F-11D3-BF4B-00C04F79EFBC}") = "Magic_DAL", "Magic_DAL\Magic_DAL.csproj", "{7922EADB-9EC1-48CD-A7DD-B88017871EA3}"
EndProject
Project("{FAE04EC0-301F-11D3-BF4B-00C04F79EFBC}") = "Magic_Interface", "Magic_Interface\Magic_Interface.csproj", "{D4E978B5-95B5-424F-9707-91AE6733BCF5}"
EndProject
Project("{FAE04EC0-301F-11D3-BF4B-00C04F79EFBC}") = "Magic_Logic", "Magic_Logic\Magic_Logic.csproj", "{B8E6707C-EBD4-449B-8BE7-C9E0D56F061B}"
EndProject
Global
	GlobalSection(SolutionConfigurationPlatforms) = preSolution
		Debug|Any CPU = Debug|Any CPU
		Release|Any CPU = Release|Any CPU
	EndGlobalSection
	GlobalSection(ProjectConfigurationPlatforms) = postSolution
		{25998963-3748-4B03-84CB-2EA89FE18B93}.Debug|Any CPU.ActiveCfg = Debug|Any CPU
		{25998963-3748-4B03-84CB-2EA89FE18B93}.Debug|Any CPU.Build.0 = Debug|Any CPU
		{25998963-3748-4B03-84CB-2EA89FE18B93}.Release|Any CPU.ActiveCfg = Release|Any CPU
		{25998963-3748-4B03-84CB-2EA89FE18B93}.Release|Any CPU.Build.0 = Release|Any CPU
		{7922EADB-9EC1-48CD-A7DD-B88017871EA3}.Debug|Any CPU.ActiveCfg = Debug|Any CPU
		{7922EADB-9EC1-48CD-A7DD-B88017871EA3}.Debug|Any CPU.Build.0 = Debug|Any CPU
		{7922EADB-9EC1-48CD-A7DD-B88017871EA3}.Release|Any CPU.ActiveCfg = Release|Any CPU
		{7922EADB-9EC1-48CD-A7DD-B88017871EA3}.Release|Any CPU.Build.0 = Release|Any CPU
		{D4E978B5-95B5-424F-9707-91AE6733BCF5}.Debug|Any CPU.ActiveCfg = Debug|Any CPU
		{D4E978B5-95B5-424F-9707-91AE6733BCF5}.Debug|Any CPU.Build.0 = Debug|Any CPU
		{D4E978B5-95B5-424F-9707-91AE6733BCF5}.Release|Any CPU.ActiveCfg = Release|Any CPU
		{D4E978B5-95B5-424F-9707-91AE6733BCF5}.Release|Any CPU.Build.0 = Release|Any CPU
		{B8E6707C-EBD4-449B-8BE7-C9E0D56F061B}.Debug|Any CPU.ActiveCfg = Debug|Any CPU
		{B8E6707C-EBD4-449B-8BE7-C9E0D56F061B}.Debug|Any CPU.Build.0 = Debug|Any CPU
		{B8E6707C-EBD4-449B-8BE7-C9E0D56F061B}.Release|Any CPU.ActiveCfg = Release|Any CPU
		{B8E6707C-EBD4-449B-8BE7-C9E0D56F061B}.Release|Any CPU.Build.0 = Release|Any CPU
	EndGlobalSection
	GlobalSection(SolutionProperties) = preSolution
		HideSolutionNode = FALSE
	EndGlobalSection
	GlobalSection(ExtensibilityGlobals) = postSolution
		SolutionGuid = {89E707DF-5A68-4D58-972D-652744713382}
	EndGlobalSection
EndGlobal
